
Microsoft Visual Studio Solution File, Format Version 12.00
# Visual Studio Version 17
VisualStudioVersion = 17.3.32819.101
MinimumVisualStudioVersion = 10.0.40219.1
Project("{8BC9CEB8-8B4A-11D0-8D11-00A0C91BC942}") = "r6 siege", "r6 siege.vcxproj", "{7E0CFEF3-7ED2-426A-A6DA-7219E0F80033}"
EndProject
Global
	GlobalSection(SolutionConfigurationPlatforms) = preSolution
		Debug|x64 = Debug|x64
		Debug|x86 = Debug|x86
		Release|x64 = Release|x64
		Release|x86 = Release|x86
	EndGlobalSection
	GlobalSection(ProjectConfigurationPlatforms) = postSolution
		{7E0CFEF3-7ED2-426A-A6DA-7219E0F80033}.Debug|x64.ActiveCfg = Debug|x64
		{7E0CFEF3-7ED2-426A-A6DA-7219E0F80033}.Debug|x64.Build.0 = Debug|x64
		{7E0CFEF3-7ED2-426A-A6DA-7219E0F80033}.Debug|x86.ActiveCfg = Debug|Win32
		{7E0CFEF3-7ED2-426A-A6DA-7219E0F80033}.Debug|x86.Build.0 = Debug|Win32
		{7E0CFEF3-7ED2-426A-A6DA-7219E0F80033}.Release|x64.ActiveCfg = Release|x64
		{7E0CFEF3-7ED2-426A-A6DA-7219E0F80033}.Release|x64.Build.0 = Release|x64
		{7E0CFEF3-7ED2-426A-A6DA-7219E0F80033}.Release|x86.ActiveCfg = Release|Win32
		{7E0CFEF3-7ED2-426A-A6DA-7219E0F80033}.Release|x86.Build.0 = Release|Win32
	EndGlobalSection
	GlobalSection(SolutionProperties) = preSolution
		HideSolutionNode = FALSE
	EndGlobalSection
	GlobalSection(ExtensibilityGlobals) = postSolution
		SolutionGuid = {0F8092C5-4303-4302-B163-A94F61FE0968}
	EndGlobalSection
EndGlobal
